
Microsoft Visual Studio Solution File, Format Version 12.00
# Visual Studio Version 17
VisualStudioVersion = 17.0.32126.317
MinimumVisualStudioVersion = 10.0.40219.1
Project("{9A19103F-16F7-4668-BE54-9A1E7A4F7556}") = "OngekiFumenEditorPlugins.OngekiFumenSupport", "src\OngekiFumenEditorPlugins.OngekiFumenSupport.csproj", "{713DC2EE-952D-4DD8-9402-50BB44CB8E4D}"
EndProject
Project("{9A19103F-16F7-4668-BE54-9A1E7A4F7556}") = "OngekiFumenEditor", "refHost\OngekiFumenEditor\OngekiFumenEditor\OngekiFumenEditor.csproj", "{22F99DBC-4FD6-4FB0-B54D-E07BF7EBF0E6}"
EndProject
Project("{9A19103F-16F7-4668-BE54-9A1E7A4F7556}") = "Gemini.Modules.Output", "refHost\OngekiFumenEditor\gemini\src\Gemini.Modules.Output\Gemini.Modules.Output.csproj", "{80DC75EB-9641-4160-867A-1B37BC345961}"
EndProject
Project("{9A19103F-16F7-4668-BE54-9A1E7A4F7556}") = "Gemini", "refHost\OngekiFumenEditor\gemini\src\Gemini\Gemini.csproj", "{F95190A2-3F72-4F44-966F-8B4422CAB5BB}"
EndProject
Global
	GlobalSection(SolutionConfigurationPlatforms) = preSolution
		Debug|Any CPU = Debug|Any CPU
		Release|Any CPU = Release|Any CPU
	EndGlobalSection
	GlobalSection(ProjectConfigurationPlatforms) = postSolution
		{713DC2EE-952D-4DD8-9402-50BB44CB8E4D}.Debug|Any CPU.ActiveCfg = Debug|Any CPU
		{713DC2EE-952D-4DD8-9402-50BB44CB8E4D}.Debug|Any CPU.Build.0 = Debug|Any CPU
		{713DC2EE-952D-4DD8-9402-50BB44CB8E4D}.Release|Any CPU.ActiveCfg = Release|Any CPU
		{713DC2EE-952D-4DD8-9402-50BB44CB8E4D}.Release|Any CPU.Build.0 = Release|Any CPU
		{22F99DBC-4FD6-4FB0-B54D-E07BF7EBF0E6}.Debug|Any CPU.ActiveCfg = Debug|Any CPU
		{22F99DBC-4FD6-4FB0-B54D-E07BF7EBF0E6}.Debug|Any CPU.Build.0 = Debug|Any CPU
		{22F99DBC-4FD6-4FB0-B54D-E07BF7EBF0E6}.Release|Any CPU.ActiveCfg = Release|Any CPU
		{22F99DBC-4FD6-4FB0-B54D-E07BF7EBF0E6}.Release|Any CPU.Build.0 = Release|Any CPU
		{80DC75EB-9641-4160-867A-1B37BC345961}.Debug|Any CPU.ActiveCfg = Debug|Any CPU
		{80DC75EB-9641-4160-867A-1B37BC345961}.Debug|Any CPU.Build.0 = Debug|Any CPU
		{80DC75EB-9641-4160-867A-1B37BC345961}.Release|Any CPU.ActiveCfg = Release|Any CPU
		{80DC75EB-9641-4160-867A-1B37BC345961}.Release|Any CPU.Build.0 = Release|Any CPU
		{F95190A2-3F72-4F44-966F-8B4422CAB5BB}.Debug|Any CPU.ActiveCfg = Debug|Any CPU
		{F95190A2-3F72-4F44-966F-8B4422CAB5BB}.Debug|Any CPU.Build.0 = Debug|Any CPU
		{F95190A2-3F72-4F44-966F-8B4422CAB5BB}.Release|Any CPU.ActiveCfg = Release|Any CPU
		{F95190A2-3F72-4F44-966F-8B4422CAB5BB}.Release|Any CPU.Build.0 = Release|Any CPU
	EndGlobalSection
	GlobalSection(SolutionProperties) = preSolution
		HideSolutionNode = FALSE
	EndGlobalSection
	GlobalSection(ExtensibilityGlobals) = postSolution
		SolutionGuid = {4314C777-BD9C-4720-B531-9EB5C9FD682D}
	EndGlobalSection
EndGlobal
